
Microsoft Visual Studio Solution File, Format Version 12.00
# Visual Studio Version 16
VisualStudioVersion = 16.0.28803.202
MinimumVisualStudioVersion = 10.0.40219.1
Project("{FAE04EC0-301F-11D3-BF4B-00C04F79EFBC}") = "RestCSharp", "RestCSharp\RestCSharp.csproj", "{67FEEB3D-860C-45C4-9FEE-5AF458F9A01A}"
EndProject
Global
	GlobalSection(SolutionConfigurationPlatforms) = preSolution
		Debug|Any CPU = Debug|Any CPU
		Release|Any CPU = Release|Any CPU
	EndGlobalSection
	GlobalSection(ProjectConfigurationPlatforms) = postSolution
		{67FEEB3D-860C-45C4-9FEE-5AF458F9A01A}.Debug|Any CPU.ActiveCfg = Debug|Any CPU
		{67FEEB3D-860C-45C4-9FEE-5AF458F9A01A}.Debug|Any CPU.Build.0 = Debug|Any CPU
		{67FEEB3D-860C-45C4-9FEE-5AF458F9A01A}.Release|Any CPU.ActiveCfg = Release|Any CPU
		{67FEEB3D-860C-45C4-9FEE-5AF458F9A01A}.Release|Any CPU.Build.0 = Release|Any CPU
	EndGlobalSection
	GlobalSection(SolutionProperties) = preSolution
		HideSolutionNode = FALSE
	EndGlobalSection
	GlobalSection(ExtensibilityGlobals) = postSolution
		SolutionGuid = {B13A3B84-E1BF-47B3-98CE-52C5933214CA}
	EndGlobalSection
EndGlobal
